// !$*UTF8*$!
{
	archiveVersion = 1;
	classes = {
	};
	objectVersion = 50;
	objects = {

/* Begin PBXBuildFile section */
		65245385224F9898005126B2 /* AppDelegate.swift in Sources */ = {isa = PBXBuildFile; fileRef = 65245384224F9898005126B2 /* AppDelegate.swift */; };
		65245387224F9898005126B2 /* ViewController.swift in Sources */ = {isa = PBXBuildFile; fileRef = 65245386224F9898005126B2 /* ViewController.swift */; };
		6524538A224F9898005126B2 /* Main.storyboard in Resources */ = {isa = PBXBuildFile; fileRef = 65245388224F9898005126B2 /* Main.storyboard */; };
		6524538C224F9899005126B2 /* Assets.xcassets in Resources */ = {isa = PBXBuildFile; fileRef = 6524538B224F9899005126B2 /* Assets.xcassets */; };
		6524538F224F9899005126B2 /* LaunchScreen.storyboard in Resources */ = {isa = PBXBuildFile; fileRef = 6524538D224F9899005126B2 /* LaunchScreen.storyboard */; };
		6524539B224F98D3005126B2 /* WhatsNewViewController.swift in Sources */ = {isa = PBXBuildFile; fileRef = 65245399224F98D3005126B2 /* WhatsNewViewController.swift */; };
		6524539C224F98D3005126B2 /* WhatsNewViewController.xib in Resources */ = {isa = PBXBuildFile; fileRef = 6524539A224F98D3005126B2 /* WhatsNewViewController.xib */; };
		652453A5224F9E89005126B2 /* NewFeatureTableViewCell.swift in Sources */ = {isa = PBXBuildFile; fileRef = 652453A3224F9E89005126B2 /* NewFeatureTableViewCell.swift */; };
		652453A6224F9E89005126B2 /* NewFeatureTableViewCell.xib in Resources */ = {isa = PBXBuildFile; fileRef = 652453A4224F9E89005126B2 /* NewFeatureTableViewCell.xib */; };
		652453AA224F9F9C005126B2 /* NewFeature.swift in Sources */ = {isa = PBXBuildFile; fileRef = 652453A9224F9F9C005126B2 /* NewFeature.swift */; };
		652453AD224FB315005126B2 /* RoundedButton.swift in Sources */ = {isa = PBXBuildFile; fileRef = 652453AC224FB315005126B2 /* RoundedButton.swift */; };
/* End PBXBuildFile section */

/* Begin PBXFileReference section */
		65245381224F9898005126B2 /* WhatsNew.app */ = {isa = PBXFileReference; explicitFileType = wrapper.application; includeInIndex = 0; path = WhatsNew.app; sourceTree = BUILT_PRODUCTS_DIR; };
		65245384224F9898005126B2 /* AppDelegate.swift */ = {isa = PBXFileReference; lastKnownFileType = sourcecode.swift; path = AppDelegate.swift; sourceTree = "<group>"; };
		65245386224F9898005126B2 /* ViewController.swift */ = {isa = PBXFileReference; lastKnownFileType = sourcecode.swift; path = ViewController.swift; sourceTree = "<group>"; };
		65245389224F9898005126B2 /* Base */ = {isa = PBXFileReference; lastKnownFileType = file.storyboard; name = Base; path = Base.lproj/Main.storyboard; sourceTree = "<group>"; };
		6524538B224F9899005126B2 /* Assets.xcassets */ = {isa = PBXFileReference; lastKnownFileType = folder.assetcatalog; path = Assets.xcassets; sourceTree = "<group>"; };
		6524538E224F9899005126B2 /* Base */ = {isa = PBXFileReference; lastKnownFileType = file.storyboard; name = Base; path = Base.lproj/LaunchScreen.storyboard; sourceTree = "<group>"; };
		65245390224F9899005126B2 /* Info.plist */ = {isa = PBXFileReference; lastKnownFileType = text.plist.xml; path = Info.plist; sourceTree = "<group>"; };
		65245399224F98D3005126B2 /* WhatsNewViewController.swift */ = {isa = PBXFileReference; lastKnownFileType = sourcecode.swift; path = WhatsNewViewController.swift; sourceTree = "<group>"; };
		6524539A224F98D3005126B2 /* WhatsNewViewController.xib */ = {isa = PBXFileReference; lastKnownFileType = file.xib; path = WhatsNewViewController.xib; sourceTree = "<group>"; };
		652453A3224F9E89005126B2 /* NewFeatureTableViewCell.swift */ = {isa = PBXFileReference; lastKnownFileType = sourcecode.swift; path = NewFeatureTableViewCell.swift; sourceTree = "<group>"; };
		652453A4224F9E89005126B2 /* NewFeatureTableViewCell.xib */ = {isa = PBXFileReference; lastKnownFileType = file.xib; path = NewFeatureTableViewCell.xib; sourceTree = "<group>"; };
		652453A9224F9F9C005126B2 /* NewFeature.swift */ = {isa = PBXFileReference; lastKnownFileType = sourcecode.swift; path = NewFeature.swift; sourceTree = "<group>"; };
		652453AC224FB315005126B2 /* RoundedButton.swift */ = {isa = PBXFileReference; lastKnownFileType = sourcecode.swift; path = RoundedButton.swift; sourceTree = "<group>"; };
/* End PBXFileReference section */

/* Begin PBXFrameworksBuildPhase section */
		6524537E224F9898005126B2 /* Frameworks */ = {
			isa = PBXFrameworksBuildPhase;
			buildActionMask = 2147483647;
			files = (
			);
			runOnlyForDeploymentPostprocessing = 0;
		};
/* End PBXFrameworksBuildPhase section */

/* Begin PBXGroup section */
		65245378224F9898005126B2 = {
			isa = PBXGroup;
			children = (
				65245383224F9898005126B2 /* WhatsNew */,
				65245382224F9898005126B2 /* Products */,
			);
			sourceTree = "<group>";
		};
		65245382224F9898005126B2 /* Products */ = {
			isa = PBXGroup;
			children = (
				65245381224F9898005126B2 /* WhatsNew.app */,
			);
			name = Products;
			sourceTree = "<group>";
		};
		65245383224F9898005126B2 /* WhatsNew */ = {
			isa = PBXGroup;
			children = (
				65245397224F98B6005126B2 /* Components */,
				65245384224F9898005126B2 /* AppDelegate.swift */,
				65245396224F98A7005126B2 /* ViewControllers */,
				65245388224F9898005126B2 /* Main.storyboard */,
				6524538B224F9899005126B2 /* Assets.xcassets */,
				6524538D224F9899005126B2 /* LaunchScreen.storyboard */,
				65245390224F9899005126B2 /* Info.plist */,
			);
			path = WhatsNew;
			sourceTree = "<group>";
		};
		65245396224F98A7005126B2 /* ViewControllers */ = {
			isa = PBXGroup;
			children = (
				65245386224F9898005126B2 /* ViewController.swift */,
			);
			path = ViewControllers;
			sourceTree = "<group>";
		};
		65245397224F98B6005126B2 /* Components */ = {
			isa = PBXGroup;
			children = (
				65245398224F98BF005126B2 /* WhatsNew */,
			);
			path = Components;
			sourceTree = "<group>";
		};
		65245398224F98BF005126B2 /* WhatsNew */ = {
			isa = PBXGroup;
			children = (
				652453A8224F9F91005126B2 /* Model */,
				652453A7224F9F88005126B2 /* View */,
			);
			path = WhatsNew;
			sourceTree = "<group>";
		};
		652453A2224F9E7B005126B2 /* Cell */ = {
			isa = PBXGroup;
			children = (
				652453A3224F9E89005126B2 /* NewFeatureTableViewCell.swift */,
				652453A4224F9E89005126B2 /* NewFeatureTableViewCell.xib */,
			);
			path = Cell;
			sourceTree = "<group>";
		};
		652453A7224F9F88005126B2 /* View */ = {
			isa = PBXGroup;
			children = (
				652453AB224FB2FF005126B2 /* Button */,
				652453A2224F9E7B005126B2 /* Cell */,
				65245399224F98D3005126B2 /* WhatsNewViewController.swift */,
				6524539A224F98D3005126B2 /* WhatsNewViewController.xib */,
			);
			path = View;
			sourceTree = "<group>";
		};
		652453A8224F9F91005126B2 /* Model */ = {
			isa = PBXGroup;
			children = (
				652453A9224F9F9C005126B2 /* NewFeature.swift */,
			);
			path = Model;
			sourceTree = "<group>";
		};
		652453AB224FB2FF005126B2 /* Button */ = {
			isa = PBXGroup;
			children = (
				652453AC224FB315005126B2 /* RoundedButton.swift */,
			);
			path = Button;
			sourceTree = "<group>";
		};
/* End PBXGroup section */

/* Begin PBXNativeTarget section */
		65245380224F9898005126B2 /* WhatsNew */ = {
			isa = PBXNativeTarget;
			buildConfigurationList = 65245393224F9899005126B2 /* Build configuration list for PBXNativeTarget "WhatsNew" */;
			buildPhases = (
				6524537D224F9898005126B2 /* Sources */,
				6524537E224F9898005126B2 /* Frameworks */,
				6524537F224F9898005126B2 /* Resources */,
			);
			buildRules = (
			);
			dependencies = (
			);
			name = WhatsNew;
			productName = WhatsNew;
			productReference = 65245381224F9898005126B2 /* WhatsNew.app */;
			productType = "com.apple.product-type.application";
		};
/* End PBXNativeTarget section */

/* Begin PBXProject section */
		65245379224F9898005126B2 /* Project object */ = {
			isa = PBXProject;
			attributes = {
				LastSwiftUpdateCheck = 1020;
				LastUpgradeCheck = 1020;
				ORGANIZATIONNAME = "Daniel Illescas Romero";
				TargetAttributes = {
					65245380224F9898005126B2 = {
						CreatedOnToolsVersion = 10.2;
					};
				};
			};
			buildConfigurationList = 6524537C224F9898005126B2 /* Build configuration list for PBXProject "WhatsNew" */;
			compatibilityVersion = "Xcode 9.3";
			developmentRegion = en;
			hasScannedForEncodings = 0;
			knownRegions = (
				en,
				Base,
			);
			mainGroup = 65245378224F9898005126B2;
			productRefGroup = 65245382224F9898005126B2 /* Products */;
			projectDirPath = "";
			projectRoot = "";
			targets = (
				65245380224F9898005126B2 /* WhatsNew */,
			);
		};
/* End PBXProject section */

/* Begin PBXResourcesBuildPhase section */
		6524537F224F9898005126B2 /* Resources */ = {
			isa = PBXResourcesBuildPhase;
			buildActionMask = 2147483647;
			files = (
				6524538F224F9899005126B2 /* LaunchScreen.storyboard in Resources */,
				6524538C224F9899005126B2 /* Assets.xcassets in Resources */,
				6524538A224F9898005126B2 /* Main.storyboard in Resources */,
				6524539C224F98D3005126B2 /* WhatsNewViewController.xib in Resources */,
				652453A6224F9E89005126B2 /* NewFeatureTableViewCell.xib in Resources */,
			);
			runOnlyForDeploymentPostprocessing = 0;
		};
/* End PBXResourcesBuildPhase section */

/* Begin PBXSourcesBuildPhase section */
		6524537D224F9898005126B2 /* Sources */ = {
			isa = PBXSourcesBuildPhase;
			buildActionMask = 2147483647;
			files = (
				65245387224F9898005126B2 /* ViewController.swift in Sources */,
				652453AD224FB315005126B2 /* RoundedButton.swift in Sources */,
				652453A5224F9E89005126B2 /* NewFeatureTableViewCell.swift in Sources */,
				652453AA224F9F9C005126B2 /* NewFeature.swift in Sources */,
				6524539B224F98D3005126B2 /* WhatsNewViewController.swift in Sources */,
				65245385224F9898005126B2 /* AppDelegate.swift in Sources */,
			);
			runOnlyForDeploymentPostprocessing = 0;
		};
/* End PBXSourcesBuildPhase section */

/* Begin PBXVariantGroup section */
		65245388224F9898005126B2 /* Main.storyboard */ = {
			isa = PBXVariantGroup;
			children = (
				65245389224F9898005126B2 /* Base */,
			);
			name = Main.storyboard;
			sourceTree = "<group>";
		};
		6524538D224F9899005126B2 /* LaunchScreen.storyboard */ = {
			isa = PBXVariantGroup;
			children = (
				6524538E224F9899005126B2 /* Base */,
			);
			name = LaunchScreen.storyboard;
			sourceTree = "<group>";
		};
/* End PBXVariantGroup section */

/* Begin XCBuildConfiguration section */
		65245391224F9899005126B2 /* Debug */ = {
			isa = XCBuildConfiguration;
			buildSettings = {
				ALWAYS_SEARCH_USER_PATHS = NO;
				CLANG_ANALYZER_NONNULL = YES;
				CLANG_ANALYZER_NUMBER_OBJECT_CONVERSION = YES_AGGRESSIVE;
				CLANG_CXX_LANGUAGE_STANDARD = "gnu++14";
				CLANG_CXX_LIBRARY = "libc++";
				CLANG_ENABLE_MODULES = YES;
				CLANG_ENABLE_OBJC_ARC = YES;
				CLANG_ENABLE_OBJC_WEAK = YES;
				CLANG_WARN_BLOCK_CAPTURE_AUTORELEASING = YES;
				CLANG_WARN_BOOL_CONVERSION = YES;
				CLANG_WARN_COMMA = YES;
				CLANG_WARN_CONSTANT_CONVERSION = YES;
				CLANG_WARN_DEPRECATED_OBJC_IMPLEMENTATIONS = YES;
				CLANG_WARN_DIRECT_OBJC_ISA_USAGE = YES_ERROR;
				CLANG_WARN_DOCUMENTATION_COMMENTS = YES;
				CLANG_WARN_EMPTY_BODY = YES;
				CLANG_WARN_ENUM_CONVERSION = YES;
				CLANG_WARN_INFINITE_RECURSION = YES;
				CLANG_WARN_INT_CONVERSION = YES;
				CLANG_WARN_NON_LITERAL_NULL_CONVERSION = YES;
				CLANG_WARN_OBJC_IMPLICIT_RETAIN_SELF = YES;
				CLANG_WARN_OBJC_LITERAL_CONVERSION = YES;
				CLANG_WARN_OBJC_ROOT_CLASS = YES_ERROR;
				CLANG_WARN_RANGE_LOOP_ANALYSIS = YES;
				CLANG_WARN_STRICT_PROTOTYPES = YES;
				CLANG_WARN_SUSPICIOUS_MOVE = YES;
				CLANG_WARN_UNGUARDED_AVAILABILITY = YES_AGGRESSIVE;
				CLANG_WARN_UNREACHABLE_CODE = YES;
				CLANG_WARN__DUPLICATE_METHOD_MATCH = YES;
				CODE_SIGN_IDENTITY = "iPhone Developer";
				COPY_PHASE_STRIP = NO;
				DEBUG_INFORMATION_FORMAT = dwarf;
				ENABLE_STRICT_OBJC_MSGSEND = YES;
				ENABLE_TESTABILITY = YES;
				GCC_C_LANGUAGE_STANDARD = gnu11;
				GCC_DYNAMIC_NO_PIC = NO;
				GCC_NO_COMMON_BLOCKS = YES;
				GCC_OPTIMIZATION_LEVEL = 0;
				GCC_PREPROCESSOR_DEFINITIONS = (
					"DEBUG=1",
					"$(inherited)",
				);
				GCC_WARN_64_TO_32_BIT_CONVERSION = YES;
				GCC_WARN_ABOUT_RETURN_TYPE = YES_ERROR;
				GCC_WARN_UNDECLARED_SELECTOR = YES;
				GCC_WARN_UNINITIALIZED_AUTOS = YES_AGGRESSIVE;
				GCC_WARN_UNUSED_FUNCTION = YES;
				GCC_WARN_UNUSED_VARIABLE = YES;
				IPHONEOS_DEPLOYMENT_TARGET = 12.2;
				MTL_ENABLE_DEBUG_INFO = INCLUDE_SOURCE;
				MTL_FAST_MATH = YES;
				ONLY_ACTIVE_ARCH = YES;
				SDKROOT = iphoneos;
				SWIFT_ACTIVE_COMPILATION_CONDITIONS = DEBUG;
				SWIFT_OPTIMIZATION_LEVEL = "-Onone";
			};
			name = Debug;
		};
		65245392224F9899005126B2 /* Release */ = {
			isa = XCBuildConfiguration;
			buildSettings = {
				ALWAYS_SEARCH_USER_PATHS = NO;
				CLANG_ANALYZER_NONNULL = YES;
				CLANG_ANALYZER_NUMBER_OBJECT_CONVERSION = YES_AGGRESSIVE;
				CLANG_CXX_LANGUAGE_STANDARD = "gnu++14";
				CLANG_CXX_LIBRARY = "libc++";
				CLANG_ENABLE_MODULES = YES;
				CLANG_ENABLE_OBJC_ARC = YES;
				CLANG_ENABLE_OBJC_WEAK = YES;
				CLANG_WARN_BLOCK_CAPTURE_AUTORELEASING = YES;
				CLANG_WARN_BOOL_CONVERSION = YES;
				CLANG_WARN_COMMA = YES;
				CLANG_WARN_CONSTANT_CONVERSION = YES;
				CLANG_WARN_DEPRECATED_OBJC_IMPLEMENTATIONS = YES;
				CLANG_WARN_DIRECT_OBJC_ISA_USAGE = YES_ERROR;
				CLANG_WARN_DOCUMENTATION_COMMENTS = YES;
				CLANG_WARN_EMPTY_BODY = YES;
				CLANG_WARN_ENUM_CONVERSION = YES;
				CLANG_WARN_INFINITE_RECURSION = YES;
				CLANG_WARN_INT_CONVERSION = YES;
				CLANG_WARN_NON_LITERAL_NULL_CONVERSION = YES;
				CLANG_WARN_OBJC_IMPLICIT_RETAIN_SELF = YES;
				CLANG_WARN_OBJC_LITERAL_CONVERSION = YES;
				CLANG_WARN_OBJC_ROOT_CLASS = YES_ERROR;
				CLANG_WARN_RANGE_LOOP_ANALYSIS = YES;
				CLANG_WARN_STRICT_PROTOTYPES = YES;
				CLANG_WARN_SUSPICIOUS_MOVE = YES;
				CLANG_WARN_UNGUARDED_AVAILABILITY = YES_AGGRESSIVE;
				CLANG_WARN_UNREACHABLE_CODE = YES;
				CLANG_WARN__DUPLICATE_METHOD_MATCH = YES;
				CODE_SIGN_IDENTITY = "iPhone Developer";
				COPY_PHASE_STRIP = NO;
				DEBUG_INFORMATION_FORMAT = "dwarf-with-dsym";
				ENABLE_NS_ASSERTIONS = NO;
				ENABLE_STRICT_OBJC_MSGSEND = YES;
				GCC_C_LANGUAGE_STANDARD = gnu11;
				GCC_NO_COMMON_BLOCKS = YES;
				GCC_WARN_64_TO_32_BIT_CONVERSION = YES;
				GCC_WARN_ABOUT_RETURN_TYPE = YES_ERROR;
				GCC_WARN_UNDECLARED_SELECTOR = YES;
				GCC_WARN_UNINITIALIZED_AUTOS = YES_AGGRESSIVE;
				GCC_WARN_UNUSED_FUNCTION = YES;
				GCC_WARN_UNUSED_VARIABLE = YES;
				IPHONEOS_DEPLOYMENT_TARGET = 12.2;
				MTL_ENABLE_DEBUG_INFO = NO;
				MTL_FAST_MATH = YES;
				SDKROOT = iphoneos;
				SWIFT_COMPILATION_MODE = wholemodule;
				SWIFT_OPTIMIZATION_LEVEL = "-O";
				VALIDATE_PRODUCT = YES;
			};
			name = Release;
		};
		65245394224F9899005126B2 /* Debug */ = {
			isa = XCBuildConfiguration;
			buildSettings = {
				ASSETCATALOG_COMPILER_APPICON_NAME = AppIcon;
				CODE_SIGN_STYLE = Automatic;
				CURRENT_PROJECT_VERSION = 1;
				DEVELOPMENT_TEAM = PRK6268SLD;
				INFOPLIST_FILE = WhatsNew/Info.plist;
				LD_RUNPATH_SEARCH_PATHS = (
					"$(inherited)",
					"@executable_path/Frameworks",
				);
				MARKETING_VERSION = 1.0;
				PRODUCT_BUNDLE_IDENTIFIER = "es.illescas-daniel.WhatsNew";
				PRODUCT_NAME = "$(TARGET_NAME)";
				SWIFT_VERSION = 5.0;
				TARGETED_DEVICE_FAMILY = "1,2";
			};
			name = Debug;
		};
		65245395224F9899005126B2 /* Release */ = {
			isa = XCBuildConfiguration;
			buildSettings = {
				ASSETCATALOG_COMPILER_APPICON_NAME = AppIcon;
				CODE_SIGN_STYLE = Automatic;
				CURRENT_PROJECT_VERSION = 1;
				DEVELOPMENT_TEAM = PRK6268SLD;
				INFOPLIST_FILE = WhatsNew/Info.plist;
				LD_RUNPATH_SEARCH_PATHS = (
					"$(inherited)",
					"@executable_path/Frameworks",
				);
				MARKETING_VERSION = 1.0;
				PRODUCT_BUNDLE_IDENTIFIER = "es.illescas-daniel.WhatsNew";
				PRODUCT_NAME = "$(TARGET_NAME)";
				SWIFT_VERSION = 5.0;
				TARGETED_DEVICE_FAMILY = "1,2";
			};
			name = Release;
		};
/* End XCBuildConfiguration section */

/* Begin XCConfigurationList section */
		6524537C224F9898005126B2 /* Build configuration list for PBXProject "WhatsNew" */ = {
			isa = XCConfigurationList;
			buildConfigurations = (
				65245391224F9899005126B2 /* Debug */,
				65245392224F9899005126B2 /* Release */,
			);
			defaultConfigurationIsVisible = 0;
			defaultConfigurationName = Release;
		};
		65245393224F9899005126B2 /* Build configuration list for PBXNativeTarget "WhatsNew" */ = {
			isa = XCConfigurationList;
			buildConfigurations = (
				65245394224F9899005126B2 /* Debug */,
				65245395224F9899005126B2 /* Release */,
			);
			defaultConfigurationIsVisible = 0;
			defaultConfigurationName = Release;
		};
/* End XCConfigurationList section */
	};
	rootObject = 65245379224F9898005126B2 /* Project object */;
}
